
Microsoft Visual Studio Solution File, Format Version 12.00
# Visual Studio 15
VisualStudioVersion = 15.0.28307.271
MinimumVisualStudioVersion = 10.0.40219.1
Project("{9A19103F-16F7-4668-BE54-9A1E7A4F7556}") = "NumCalc", "NumCalc.csproj", "{7023B615-22D0-4FAE-8774-CC490C187650}"
EndProject
Global
	GlobalSection(SolutionConfigurationPlatforms) = preSolution
		Debug|Any CPU = Debug|Any CPU
		Release|Any CPU = Release|Any CPU
	EndGlobalSection
	GlobalSection(ProjectConfigurationPlatforms) = postSolution
		{7023B615-22D0-4FAE-8774-CC490C187650}.Debug|Any CPU.ActiveCfg = Debug|Any CPU
		{7023B615-22D0-4FAE-8774-CC490C187650}.Debug|Any CPU.Build.0 = Debug|Any CPU
		{7023B615-22D0-4FAE-8774-CC490C187650}.Release|Any CPU.ActiveCfg = Release|Any CPU
		{7023B615-22D0-4FAE-8774-CC490C187650}.Release|Any CPU.Build.0 = Release|Any CPU
	EndGlobalSection
	GlobalSection(SolutionProperties) = preSolution
		HideSolutionNode = FALSE
	EndGlobalSection
	GlobalSection(ExtensibilityGlobals) = postSolution
		SolutionGuid = {A4FEF3FC-379E-442A-A6C8-071D9953B130}
	EndGlobalSection
EndGlobal
